
Microsoft Visual Studio Solution File, Format Version 12.00
# Visual Studio Version 16
VisualStudioVersion = 16.0.30804.86
MinimumVisualStudioVersion = 10.0.40219.1
Project("{FAE04EC0-301F-11D3-BF4B-00C04F79EFBC}") = "DataAccess", "DataAccess\DataAccess.csproj", "{377B3A0F-CF7B-4EBF-8C8E-2263A21C254E}"
EndProject
Project("{FAE04EC0-301F-11D3-BF4B-00C04F79EFBC}") = "Business", "Business\Business.csproj", "{82D122F9-BEE1-466C-845E-A280E10002E5}"
EndProject
Project("{FAE04EC0-301F-11D3-BF4B-00C04F79EFBC}") = "Entities", "Entities\Entities.csproj", "{280E3EBD-3DA8-470A-9957-9D74E1F7388B}"
EndProject
Project("{FAE04EC0-301F-11D3-BF4B-00C04F79EFBC}") = "ConsoleUI", "ConsoleUI\ConsoleUI.csproj", "{EC72061E-41A9-43BA-AA24-0FAEE92C9750}"
EndProject
Global
	GlobalSection(SolutionConfigurationPlatforms) = preSolution
		Debug|Any CPU = Debug|Any CPU
		Release|Any CPU = Release|Any CPU
	EndGlobalSection
	GlobalSection(ProjectConfigurationPlatforms) = postSolution
		{377B3A0F-CF7B-4EBF-8C8E-2263A21C254E}.Debug|Any CPU.ActiveCfg = Debug|Any CPU
		{377B3A0F-CF7B-4EBF-8C8E-2263A21C254E}.Debug|Any CPU.Build.0 = Debug|Any CPU
		{377B3A0F-CF7B-4EBF-8C8E-2263A21C254E}.Release|Any CPU.ActiveCfg = Release|Any CPU
		{377B3A0F-CF7B-4EBF-8C8E-2263A21C254E}.Release|Any CPU.Build.0 = Release|Any CPU
		{82D122F9-BEE1-466C-845E-A280E10002E5}.Debug|Any CPU.ActiveCfg = Debug|Any CPU
		{82D122F9-BEE1-466C-845E-A280E10002E5}.Debug|Any CPU.Build.0 = Debug|Any CPU
		{82D122F9-BEE1-466C-845E-A280E10002E5}.Release|Any CPU.ActiveCfg = Release|Any CPU
		{82D122F9-BEE1-466C-845E-A280E10002E5}.Release|Any CPU.Build.0 = Release|Any CPU
		{280E3EBD-3DA8-470A-9957-9D74E1F7388B}.Debug|Any CPU.ActiveCfg = Debug|Any CPU
		{280E3EBD-3DA8-470A-9957-9D74E1F7388B}.Debug|Any CPU.Build.0 = Debug|Any CPU
		{280E3EBD-3DA8-470A-9957-9D74E1F7388B}.Release|Any CPU.ActiveCfg = Release|Any CPU
		{280E3EBD-3DA8-470A-9957-9D74E1F7388B}.Release|Any CPU.Build.0 = Release|Any CPU
		{EC72061E-41A9-43BA-AA24-0FAEE92C9750}.Debug|Any CPU.ActiveCfg = Debug|Any CPU
		{EC72061E-41A9-43BA-AA24-0FAEE92C9750}.Debug|Any CPU.Build.0 = Debug|Any CPU
		{EC72061E-41A9-43BA-AA24-0FAEE92C9750}.Release|Any CPU.ActiveCfg = Release|Any CPU
		{EC72061E-41A9-43BA-AA24-0FAEE92C9750}.Release|Any CPU.Build.0 = Release|Any CPU
	EndGlobalSection
	GlobalSection(SolutionProperties) = preSolution
		HideSolutionNode = FALSE
	EndGlobalSection
	GlobalSection(ExtensibilityGlobals) = postSolution
		SolutionGuid = {33EAC0C5-E15C-4F57-9DB3-8378AA1E98C7}
	EndGlobalSection
EndGlobal
